
Microsoft Visual Studio Solution File, Format Version 12.00
# Visual Studio Version 17
VisualStudioVersion = 17.5.33530.505
MinimumVisualStudioVersion = 10.0.40219.1
Project("{FAE04EC0-301F-11D3-BF4B-00C04F79EFBC}") = "devops_assignment", "devops_assignment\devops_assignment.csproj", "{33CD573C-2C88-43CB-A61F-D5AE52DCECB0}"
EndProject
Global
	GlobalSection(SolutionConfigurationPlatforms) = preSolution
		Debug|Any CPU = Debug|Any CPU
		Release|Any CPU = Release|Any CPU
	EndGlobalSection
	GlobalSection(ProjectConfigurationPlatforms) = postSolution
		{33CD573C-2C88-43CB-A61F-D5AE52DCECB0}.Debug|Any CPU.ActiveCfg = Debug|Any CPU
		{33CD573C-2C88-43CB-A61F-D5AE52DCECB0}.Debug|Any CPU.Build.0 = Debug|Any CPU
		{33CD573C-2C88-43CB-A61F-D5AE52DCECB0}.Release|Any CPU.ActiveCfg = Release|Any CPU
		{33CD573C-2C88-43CB-A61F-D5AE52DCECB0}.Release|Any CPU.Build.0 = Release|Any CPU
	EndGlobalSection
	GlobalSection(SolutionProperties) = preSolution
		HideSolutionNode = FALSE
	EndGlobalSection
	GlobalSection(ExtensibilityGlobals) = postSolution
		SolutionGuid = {9B4A9059-4D8E-4230-9F03-75316D33E103}
	EndGlobalSection
EndGlobal
